
Microsoft Visual Studio Solution File, Format Version 12.00
# Visual Studio 15
VisualStudioVersion = 15.0.28010.2050
MinimumVisualStudioVersion = 10.0.40219.1
Project("{FAE04EC0-301F-11D3-BF4B-00C04F79EFBC}") = "project1", "project1\project1.csproj", "{BC68D4E0-A937-49E9-AAA6-2E9CA5EE056E}"
EndProject
Global
	GlobalSection(SolutionConfigurationPlatforms) = preSolution
		Debug|Any CPU = Debug|Any CPU
		Release|Any CPU = Release|Any CPU
	EndGlobalSection
	GlobalSection(ProjectConfigurationPlatforms) = postSolution
		{BC68D4E0-A937-49E9-AAA6-2E9CA5EE056E}.Debug|Any CPU.ActiveCfg = Debug|Any CPU
		{BC68D4E0-A937-49E9-AAA6-2E9CA5EE056E}.Debug|Any CPU.Build.0 = Debug|Any CPU
		{BC68D4E0-A937-49E9-AAA6-2E9CA5EE056E}.Release|Any CPU.ActiveCfg = Release|Any CPU
		{BC68D4E0-A937-49E9-AAA6-2E9CA5EE056E}.Release|Any CPU.Build.0 = Release|Any CPU
	EndGlobalSection
	GlobalSection(SolutionProperties) = preSolution
		HideSolutionNode = FALSE
	EndGlobalSection
	GlobalSection(ExtensibilityGlobals) = postSolution
		SolutionGuid = {365BCBBF-67A2-473F-B09E-CC2F905CC8BD}
	EndGlobalSection
EndGlobal
