
Microsoft Visual Studio Solution File, Format Version 12.00
# Visual Studio 15
VisualStudioVersion = 15.0.28010.2026
MinimumVisualStudioVersion = 10.0.40219.1
Project("{FAE04EC0-301F-11D3-BF4B-00C04F79EFBC}") = "WindowsForm1", "WindowsForm1\WindowsForm1.csproj", "{ED80F76C-9C6B-40FF-8B0D-A1734BFE9F06}"
EndProject
Global
	GlobalSection(SolutionConfigurationPlatforms) = preSolution
		Debug|Any CPU = Debug|Any CPU
		Release|Any CPU = Release|Any CPU
	EndGlobalSection
	GlobalSection(ProjectConfigurationPlatforms) = postSolution
		{ED80F76C-9C6B-40FF-8B0D-A1734BFE9F06}.Debug|Any CPU.ActiveCfg = Debug|Any CPU
		{ED80F76C-9C6B-40FF-8B0D-A1734BFE9F06}.Debug|Any CPU.Build.0 = Debug|Any CPU
		{ED80F76C-9C6B-40FF-8B0D-A1734BFE9F06}.Release|Any CPU.ActiveCfg = Release|Any CPU
		{ED80F76C-9C6B-40FF-8B0D-A1734BFE9F06}.Release|Any CPU.Build.0 = Release|Any CPU
	EndGlobalSection
	GlobalSection(SolutionProperties) = preSolution
		HideSolutionNode = FALSE
	EndGlobalSection
	GlobalSection(ExtensibilityGlobals) = postSolution
		SolutionGuid = {A486579B-8598-4731-B12C-C65DFA6CC2AB}
	EndGlobalSection
EndGlobal
