
Microsoft Visual Studio Solution File, Format Version 12.00
# Visual Studio 15
VisualStudioVersion = 15.0.28307.136
MinimumVisualStudioVersion = 10.0.40219.1
Project("{FAE04EC0-301F-11D3-BF4B-00C04F79EFBC}") = "ConsoleApp1", "ConsoleApp1\ConsoleApp1.csproj", "{13E828D7-B8FD-4B22-AAC5-FE0B67960BE9}"
EndProject
Global
	GlobalSection(SolutionConfigurationPlatforms) = preSolution
		Debug|Any CPU = Debug|Any CPU
		Release|Any CPU = Release|Any CPU
	EndGlobalSection
	GlobalSection(ProjectConfigurationPlatforms) = postSolution
		{13E828D7-B8FD-4B22-AAC5-FE0B67960BE9}.Debug|Any CPU.ActiveCfg = Debug|Any CPU
		{13E828D7-B8FD-4B22-AAC5-FE0B67960BE9}.Debug|Any CPU.Build.0 = Debug|Any CPU
		{13E828D7-B8FD-4B22-AAC5-FE0B67960BE9}.Release|Any CPU.ActiveCfg = Release|Any CPU
		{13E828D7-B8FD-4B22-AAC5-FE0B67960BE9}.Release|Any CPU.Build.0 = Release|Any CPU
	EndGlobalSection
	GlobalSection(SolutionProperties) = preSolution
		HideSolutionNode = FALSE
	EndGlobalSection
	GlobalSection(ExtensibilityGlobals) = postSolution
		SolutionGuid = {FCCC654F-EF6D-4744-AEDC-3E40BF395F41}
	EndGlobalSection
EndGlobal
