
Microsoft Visual Studio Solution File, Format Version 12.00
# Visual Studio 15
VisualStudioVersion = 15.0.28307.136
MinimumVisualStudioVersion = 10.0.40219.1
Project("{FAE04EC0-301F-11D3-BF4B-00C04F79EFBC}") = "WindowsFormsApp1", "WindowsFormsApp1\WindowsFormsApp1.csproj", "{AA67A6A5-7946-4C00-A40D-CC6620764ED1}"
EndProject
Global
	GlobalSection(SolutionConfigurationPlatforms) = preSolution
		Debug|Any CPU = Debug|Any CPU
		Release|Any CPU = Release|Any CPU
	EndGlobalSection
	GlobalSection(ProjectConfigurationPlatforms) = postSolution
		{AA67A6A5-7946-4C00-A40D-CC6620764ED1}.Debug|Any CPU.ActiveCfg = Debug|Any CPU
		{AA67A6A5-7946-4C00-A40D-CC6620764ED1}.Debug|Any CPU.Build.0 = Debug|Any CPU
		{AA67A6A5-7946-4C00-A40D-CC6620764ED1}.Release|Any CPU.ActiveCfg = Release|Any CPU
		{AA67A6A5-7946-4C00-A40D-CC6620764ED1}.Release|Any CPU.Build.0 = Release|Any CPU
	EndGlobalSection
	GlobalSection(SolutionProperties) = preSolution
		HideSolutionNode = FALSE
	EndGlobalSection
	GlobalSection(ExtensibilityGlobals) = postSolution
		SolutionGuid = {AEA7F95C-993F-4196-BC18-F66116EC5882}
	EndGlobalSection
EndGlobal
