
Microsoft Visual Studio Solution File, Format Version 12.00
# Visual Studio 15
VisualStudioVersion = 15.0.28307.136
MinimumVisualStudioVersion = 10.0.40219.1
Project("{FAE04EC0-301F-11D3-BF4B-00C04F79EFBC}") = "WindowsFormsApp1", "WindowsFormsApp1\WindowsFormsApp1.csproj", "{4851E8D4-1C0D-4231-B305-90008A719ABC}"
EndProject
Global
	GlobalSection(SolutionConfigurationPlatforms) = preSolution
		Debug|Any CPU = Debug|Any CPU
		Release|Any CPU = Release|Any CPU
	EndGlobalSection
	GlobalSection(ProjectConfigurationPlatforms) = postSolution
		{4851E8D4-1C0D-4231-B305-90008A719ABC}.Debug|Any CPU.ActiveCfg = Debug|Any CPU
		{4851E8D4-1C0D-4231-B305-90008A719ABC}.Debug|Any CPU.Build.0 = Debug|Any CPU
		{4851E8D4-1C0D-4231-B305-90008A719ABC}.Release|Any CPU.ActiveCfg = Release|Any CPU
		{4851E8D4-1C0D-4231-B305-90008A719ABC}.Release|Any CPU.Build.0 = Release|Any CPU
	EndGlobalSection
	GlobalSection(SolutionProperties) = preSolution
		HideSolutionNode = FALSE
	EndGlobalSection
	GlobalSection(ExtensibilityGlobals) = postSolution
		SolutionGuid = {DAA1E823-D1C8-47A0-9EA4-3224EEE19AE9}
	EndGlobalSection
EndGlobal
