
Microsoft Visual Studio Solution File, Format Version 12.00
# Visual Studio 15
VisualStudioVersion = 15.0.28010.2026
MinimumVisualStudioVersion = 10.0.40219.1
Project("{FAE04EC0-301F-11D3-BF4B-00C04F79EFBC}") = "2", "2\2.csproj", "{20BA2209-3198-40D3-A8AD-182C39788E97}"
EndProject
Global
	GlobalSection(SolutionConfigurationPlatforms) = preSolution
		Debug|Any CPU = Debug|Any CPU
		Release|Any CPU = Release|Any CPU
	EndGlobalSection
	GlobalSection(ProjectConfigurationPlatforms) = postSolution
		{20BA2209-3198-40D3-A8AD-182C39788E97}.Debug|Any CPU.ActiveCfg = Debug|Any CPU
		{20BA2209-3198-40D3-A8AD-182C39788E97}.Debug|Any CPU.Build.0 = Debug|Any CPU
		{20BA2209-3198-40D3-A8AD-182C39788E97}.Release|Any CPU.ActiveCfg = Release|Any CPU
		{20BA2209-3198-40D3-A8AD-182C39788E97}.Release|Any CPU.Build.0 = Release|Any CPU
	EndGlobalSection
	GlobalSection(SolutionProperties) = preSolution
		HideSolutionNode = FALSE
	EndGlobalSection
	GlobalSection(ExtensibilityGlobals) = postSolution
		SolutionGuid = {B4087766-B087-40E3-A086-B78726C6F22F}
	EndGlobalSection
EndGlobal
