
Microsoft Visual Studio Solution File, Format Version 12.00
# Visual Studio 15
VisualStudioVersion = 15.0.28010.2026
MinimumVisualStudioVersion = 10.0.40219.1
Project("{FAE04EC0-301F-11D3-BF4B-00C04F79EFBC}") = "WindowsFormsApp1", "WindowsFormsApp1\WindowsFormsApp1.csproj", "{897AB2C4-D0FC-490D-A25A-078944B92BE2}"
EndProject
Global
	GlobalSection(SolutionConfigurationPlatforms) = preSolution
		Debug|Any CPU = Debug|Any CPU
		Release|Any CPU = Release|Any CPU
	EndGlobalSection
	GlobalSection(ProjectConfigurationPlatforms) = postSolution
		{897AB2C4-D0FC-490D-A25A-078944B92BE2}.Debug|Any CPU.ActiveCfg = Debug|Any CPU
		{897AB2C4-D0FC-490D-A25A-078944B92BE2}.Debug|Any CPU.Build.0 = Debug|Any CPU
		{897AB2C4-D0FC-490D-A25A-078944B92BE2}.Release|Any CPU.ActiveCfg = Release|Any CPU
		{897AB2C4-D0FC-490D-A25A-078944B92BE2}.Release|Any CPU.Build.0 = Release|Any CPU
	EndGlobalSection
	GlobalSection(SolutionProperties) = preSolution
		HideSolutionNode = FALSE
	EndGlobalSection
	GlobalSection(ExtensibilityGlobals) = postSolution
		SolutionGuid = {C4DA8ACA-686B-4B87-916E-B6FEE1931EF9}
	EndGlobalSection
EndGlobal
